
Microsoft Visual Studio Solution File, Format Version 12.00
# Visual Studio 2013
VisualStudioVersion = 12.0.40629.0
MinimumVisualStudioVersion = 10.0.40219.1
Project("{FAE04EC0-301F-11D3-BF4B-00C04F79EFBC}") = "RetryMagic", "RetryMagic\RetryMagic.csproj", "{31486C3E-9FEA-4B50-ABED-D4FCDA366809}"
EndProject
Project("{FAE04EC0-301F-11D3-BF4B-00C04F79EFBC}") = "RetryMagic.UnitTests", "RetryMagic.UnitTests\RetryMagic.UnitTests.csproj", "{E3183E49-6A19-4EEC-BD4E-C90F36DBAA1E}"
EndProject
Global
	GlobalSection(SolutionConfigurationPlatforms) = preSolution
		Debug|Any CPU = Debug|Any CPU
		Release|Any CPU = Release|Any CPU
	EndGlobalSection
	GlobalSection(ProjectConfigurationPlatforms) = postSolution
		{31486C3E-9FEA-4B50-ABED-D4FCDA366809}.Debug|Any CPU.ActiveCfg = Debug|Any CPU
		{31486C3E-9FEA-4B50-ABED-D4FCDA366809}.Debug|Any CPU.Build.0 = Debug|Any CPU
		{31486C3E-9FEA-4B50-ABED-D4FCDA366809}.Release|Any CPU.ActiveCfg = Release|Any CPU
		{31486C3E-9FEA-4B50-ABED-D4FCDA366809}.Release|Any CPU.Build.0 = Release|Any CPU
		{E3183E49-6A19-4EEC-BD4E-C90F36DBAA1E}.Debug|Any CPU.ActiveCfg = Debug|Any CPU
		{E3183E49-6A19-4EEC-BD4E-C90F36DBAA1E}.Debug|Any CPU.Build.0 = Debug|Any CPU
		{E3183E49-6A19-4EEC-BD4E-C90F36DBAA1E}.Release|Any CPU.ActiveCfg = Release|Any CPU
		{E3183E49-6A19-4EEC-BD4E-C90F36DBAA1E}.Release|Any CPU.Build.0 = Release|Any CPU
	EndGlobalSection
	GlobalSection(SolutionProperties) = preSolution
		HideSolutionNode = FALSE
	EndGlobalSection
EndGlobal
